{
  "name": ".openclaw-install-stage-PpDHww",
  "lockfileVersion": 3,
  "requires": true,
  "packages": {
    "": {
      "dependencies": {
        "@emnapi/core": "1.11.3",
        "@emnapi/runtime": "1.11.3",
        "@openclaw/discord": "2026.9.3"
      }
    },
    "node_modules/@emnapi/core": {
      "version": "1.11.3",
      "resolved": "https://registry.npmjs.org/@emnapi/core/-/core-1.11.3.tgz",
      "integrity": "sha512-zLpS5asjEb7lq8jYLq37N6XKaE41DIexlY1rF/z4/tIl3wo13Sqm28fRyfIsKZD+NZ8mM5RoKkpW/rBcuoSZSg==",
      "license": "MIT",
      "dependencies": {
        "@emnapi/wasi-threads": "1.2.3",
        "tslib": "^2.4.0"
      }
    },
    "node_modules/@emnapi/runtime": {
      "version": "1.11.3",
      "resolved": "https://registry.npmjs.org/@emnapi/runtime/-/runtime-1.11.3.tgz",
      "integrity": "sha512-Xz4Tpyki7XyrpbUK1jR1AhdAdaXyhhY4lZ3neLodmhpuWfy2PAQN5B46sAiU4liOXGLkHypn/qU+jvfWSCYYLA==",
      "license": "MIT",
      "dependencies": {
        "tslib": "^2.4.0"
      }
    },
    "node_modules/@emnapi/wasi-threads": {
      "version": "1.2.3",
      "resolved": "https://registry.npmjs.org/@emnapi/wasi-threads/-/wasi-threads-1.2.3.tgz",
      "integrity": "sha512-ELEBe8PsLvvJ6QMr0zLt8ffvOHW/dc1m3CEzNMg7aJUv3bMaoDtw2TXyDAwkYBuroxxuHEwhRTLJSe5sya547g==",
      "license": "MIT",
      "dependencies": {
        "tslib": "^2.4.0"
      }
    },
    "node_modules/@openclaw/discord": {
      "version": "2026.9.3",
      "resolved": "https://registry.npmjs.org/@openclaw/discord/-/discord-2026.9.3.tgz",
      "integrity": "sha512-m6V9wg6OljheSXwOJlT+ZZlyfYrzkNGAA5gky0PfwSg64aEsjdkSEqsPg3acCuufHlyBVerToEpmK4PVc7rrgw==",
      "bundleDependencies": [
        "@discord/embedded-app-sdk",
        "@discordjs/voice",
        "discord-api-types",
        "libopus-wasm",
        "mdast-util-from-markdown",
        "typebox",
        "undici",
        "ws",
        "zod"
      ],
      "dependencies": {
        "@discord/embedded-app-sdk": "2.5.0",
        "@discordjs/voice": "0.19.2",
        "discord-api-types": "0.38.54",
        "libopus-wasm": "0.2.0",
        "mdast-util-from-markdown": "2.0.3",
        "typebox": "1.3.18",
        "undici": "8.10.2",
        "ws": "8.21.3",
        "zod": "4.4.3"
      },
      "peerDependencies": {
        "openclaw": ">=2026.9.3"
      },
      "peerDependenciesMeta": {
        "openclaw": {
          "optional": true
        }
      }
    },
    "node_modules/@openclaw/discord/node_modules/@discord/embedded-app-sdk": {
      "version": "2.5.0",
      "inBundle": true,
      "license": "MIT",
      "dependencies": {
        "@types/lodash.transform": "^4.6.6",
        "@types/uuid": "^10.0.0",
        "big-integer": "^1.6.48",
        "decimal.js-light": "^2.5.0",
        "eventemitter3": "^5.0.0",
        "lodash.transform": "^4.6.0",
        "uuid": "^11.0.0",
        "zod": "^3.9.8"
      }
    },
    "node_modules/@openclaw/discord/node_modules/@discord/embedded-app-sdk/node_modules/zod": {
      "version": "3.25.76",
      "inBundle": true,
      "license": "MIT",
      "funding": {
        "url": "https://github.com/sponsors/colinhacks"
      }
    },
    "node_modules/@openclaw/discord/node_modules/@discordjs/voice": {
      "version": "0.19.2",
      "inBundle": true,
      "license": "Apache-2.0",
      "dependencies": {
        "@snazzah/davey": "^0.1.9",
        "@types/ws": "^8.18.1",
        "discord-api-types": "^0.38.41",
        "prism-media": "^1.3.5",
        "tslib": "^2.8.1",
        "ws": "^8.19.0"
      },
      "engines": {
        "node": ">=22.12.0"
      },
      "funding": {
        "url": "https://github.com/discordjs/discord.js?sponsor"
      }
    },
    "node_modules/@openclaw/discord/node_modules/@napi-rs/wasm-runtime": {
      "version": "1.2.3",
      "inBundle": true,
      "license": "MIT",
      "optional": true,
      "dependencies": {
        "@tybys/wasm-util": "^0.10.3"
      },
      "engines": {
        "node": "^20.19.0 || ^22.13.0 || >=23.5.0"
      },
      "funding": {
        "type": "github",
        "url": "https://github.com/sponsors/Brooooooklyn"
      },
      "peerDependencies": {
        "@emnapi/core": "^1.7.1 || ^2.0.0-alpha.4",
        "@emnapi/runtime": "^1.7.1 || ^2.0.0-alpha.4"
      }
    },
    "node_modules/@openclaw/discord/node_modules/@snazzah/davey": {
      "version": "0.1.12",
      "inBundle": true,
      "license": "MIT",
      "engines": {
        "node": ">= 10"
      },
      "funding": {
        "url": "https://github.com/sponsors/Snazzah"
      },
      "optionalDependencies": {
        "@snazzah/davey-android-arm-eabi": "0.1.12",
        "@snazzah/davey-android-arm64": "0.1.12",
        "@snazzah/davey-darwin-arm64": "0.1.12",
        "@snazzah/davey-darwin-x64": "0.1.12",
        "@snazzah/davey-freebsd-x64": "0.1.12",
        "@snazzah/davey-linux-arm-gnueabihf": "0.1.12",
        "@snazzah/davey-linux-arm64-gnu": "0.1.12",
        "@snazzah/davey-linux-arm64-musl": "0.1.12",
        "@snazzah/davey-linux-x64-gnu": "0.1.12",
        "@snazzah/davey-linux-x64-musl": "0.1.12",
        "@snazzah/davey-wasm32-wasi": "0.1.12",
        "@snazzah/davey-win32-arm64-msvc": "0.1.12",
        "@snazzah/davey-win32-ia32-msvc": "0.1.12",
        "@snazzah/davey-win32-x64-msvc": "0.1.12"
      }
    },
    "node_modules/@openclaw/discord/node_modules/@snazzah/davey-android-arm-eabi": {
      "version": "0.1.12",
      "cpu": [
        "arm"
      ],
      "inBundle": true,
      "license": "MIT",
      "optional": true,
      "os": [
        "android"
      ],
      "engines": {
        "node": ">= 10"
      }
    },
    "node_modules/@openclaw/discord/node_modules/@snazzah/davey-android-arm64": {
      "version": "0.1.12",
      "cpu": [
        "arm64"
      ],
      "inBundle": true,
      "license": "MIT",
      "optional": true,
      "os": [
        "android"
      ],
      "engines": {
        "node": ">= 10"
      }
    },
    "node_modules/@openclaw/discord/node_modules/@snazzah/davey-darwin-arm64": {
      "version": "0.1.12",
      "cpu": [
        "arm64"
      ],
      "inBundle": true,
      "license": "MIT",
      "optional": true,
      "os": [
        "darwin"
      ],
      "engines": {
        "node": ">= 10"
      }
    },
    "node_modules/@openclaw/discord/node_modules/@snazzah/davey-darwin-x64": {
      "version": "0.1.12",
      "cpu": [
        "x64"
      ],
      "inBundle": true,
      "license": "MIT",
      "optional": true,
      "os": [
        "darwin"
      ],
      "engines": {
        "node": ">= 10"
      }
    },
    "node_modules/@openclaw/discord/node_modules/@snazzah/davey-freebsd-x64": {
      "version": "0.1.12",
      "cpu": [
        "x64"
      ],
      "inBundle": true,
      "license": "MIT",
      "optional": true,
      "os": [
        "freebsd"
      ],
      "engines": {
        "node": ">= 10"
      }
    },
    "node_modules/@openclaw/discord/node_modules/@snazzah/davey-linux-arm-gnueabihf": {
      "version": "0.1.12",
      "cpu": [
        "arm"
      ],
      "inBundle": true,
      "license": "MIT",
      "optional": true,
      "os": [
        "linux"
      ],
      "engines": {
        "node": ">= 10"
      }
    },
    "node_modules/@openclaw/discord/node_modules/@snazzah/davey-linux-arm64-gnu": {
      "version": "0.1.12",
      "cpu": [
        "arm64"
      ],
      "inBundle": true,
      "libc": [
        "glibc"
      ],
      "license": "MIT",
      "optional": true,
      "os": [
        "linux"
      ],
      "engines": {
        "node": ">= 10"
      }
    },
    "node_modules/@openclaw/discord/node_modules/@snazzah/davey-linux-arm64-musl": {
      "version": "0.1.12",
      "cpu": [
        "arm64"
      ],
      "inBundle": true,
      "libc": [
        "musl"
      ],
      "license": "MIT",
      "optional": true,
      "os": [
        "linux"
      ],
      "engines": {
        "node": ">= 10"
      }
    },
    "node_modules/@openclaw/discord/node_modules/@snazzah/davey-linux-x64-gnu": {
      "version": "0.1.12",
      "cpu": [
        "x64"
      ],
      "inBundle": true,
      "libc": [
        "glibc"
      ],
      "license": "MIT",
      "optional": true,
      "os": [
        "linux"
      ],
      "engines": {
        "node": ">= 10"
      }
    },
    "node_modules/@openclaw/discord/node_modules/@snazzah/davey-linux-x64-musl": {
      "version": "0.1.12",
      "cpu": [
        "x64"
      ],
      "inBundle": true,
      "libc": [
        "musl"
      ],
      "license": "MIT",
      "optional": true,
      "os": [
        "linux"
      ],
      "engines": {
        "node": ">= 10"
      }
    },
    "node_modules/@openclaw/discord/node_modules/@snazzah/davey-wasm32-wasi": {
      "version": "0.1.12",
      "cpu": [
        "wasm32"
      ],
      "inBundle": true,
      "license": "MIT",
      "optional": true,
      "dependencies": {
        "@napi-rs/wasm-runtime": "^1.1.5"
      },
      "engines": {
        "node": ">=14.0.0"
      }
    },
    "node_modules/@openclaw/discord/node_modules/@snazzah/davey-win32-arm64-msvc": {
      "version": "0.1.12",
      "cpu": [
        "arm64"
      ],
      "inBundle": true,
      "license": "MIT",
      "optional": true,
      "os": [
        "win32"
      ],
      "engines": {
        "node": ">= 10"
      }
    },
    "node_modules/@openclaw/discord/node_modules/@snazzah/davey-win32-ia32-msvc": {
      "version": "0.1.12",
      "cpu": [
        "ia32"
      ],
      "inBundle": true,
      "license": "MIT",
      "optional": true,
      "os": [
        "win32"
      ],
      "engines": {
        "node": ">= 10"
      }
    },
    "node_modules/@openclaw/discord/node_modules/@snazzah/davey-win32-x64-msvc": {
      "version": "0.1.12",
      "cpu": [
        "x64"
      ],
      "inBundle": true,
      "license": "MIT",
      "optional": true,
      "os": [
        "win32"
      ],
      "engines": {
        "node": ">= 10"
      }
    },
    "node_modules/@openclaw/discord/node_modules/@tybys/wasm-util": {
      "version": "0.10.3",
      "inBundle": true,
      "license": "MIT",
      "optional": true,
      "dependencies": {
        "tslib": "^2.4.0"
      }
    },
    "node_modules/@openclaw/discord/node_modules/@types/debug": {
      "version": "4.1.13",
      "inBundle": true,
      "license": "MIT",
      "dependencies": {
        "@types/ms": "*"
      }
    },
    "node_modules/@openclaw/discord/node_modules/@types/lodash": {
      "version": "4.17.25",
      "inBundle": true,
      "license": "MIT"
    },
    "node_modules/@openclaw/discord/node_modules/@types/lodash.transform": {
      "version": "4.6.9",
      "inBundle": true,
      "license": "MIT",
      "dependencies": {
        "@types/lodash": "*"
      }
    },
    "node_modules/@openclaw/discord/node_modules/@types/mdast": {
      "version": "4.0.4",
      "inBundle": true,
      "license": "MIT",
      "dependencies": {
        "@types/unist": "*"
      }
    },
    "node_modules/@openclaw/discord/node_modules/@types/ms": {
      "version": "2.1.0",
      "inBundle": true,
      "license": "MIT"
    },
    "node_modules/@openclaw/discord/node_modules/@types/node": {
      "version": "26.4.0",
      "inBundle": true,
      "license": "MIT",
      "dependencies": {
        "undici-types": "~8.3.0"
      }
    },
    "node_modules/@openclaw/discord/node_modules/@types/unist": {
      "version": "3.0.3",
      "inBundle": true,
      "license": "MIT"
    },
    "node_modules/@openclaw/discord/node_modules/@types/uuid": {
      "version": "10.0.0",
      "inBundle": true,
      "license": "MIT"
    },
    "node_modules/@openclaw/discord/node_modules/@types/ws": {
      "version": "8.18.1",
      "inBundle": true,
      "license": "MIT",
      "dependencies": {
        "@types/node": "*"
      }
    },
    "node_modules/@openclaw/discord/node_modules/big-integer": {
      "version": "1.6.52",
      "inBundle": true,
      "license": "Unlicense",
      "engines": {
        "node": ">=0.6"
      }
    },
    "node_modules/@openclaw/discord/node_modules/character-entities": {
      "version": "2.0.2",
      "inBundle": true,
      "license": "MIT",
      "funding": {
        "type": "github",
        "url": "https://github.com/sponsors/wooorm"
      }
    },
    "node_modules/@openclaw/discord/node_modules/debug": {
      "version": "4.4.3",
      "inBundle": true,
      "license": "MIT",
      "dependencies": {
        "ms": "^2.1.3"
      },
      "engines": {
        "node": ">=6.0"
      },
      "peerDependenciesMeta": {
        "supports-color": {
          "optional": true
        }
      }
    },
    "node_modules/@openclaw/discord/node_modules/decimal.js-light": {
      "version": "2.5.1",
      "inBundle": true,
      "license": "MIT"
    },
    "node_modules/@openclaw/discord/node_modules/decode-named-character-reference": {
      "version": "1.3.0",
      "inBundle": true,
      "license": "MIT",
      "dependencies": {
        "character-entities": "^2.0.0"
      },
      "funding": {
        "type": "github",
        "url": "https://github.com/sponsors/wooorm"
      }
    },
    "node_modules/@openclaw/discord/node_modules/dequal": {
      "version": "2.0.3",
      "inBundle": true,
      "license": "MIT",
      "engines": {
        "node": ">=6"
      }
    },
    "node_modules/@openclaw/discord/node_modules/devlop": {
      "version": "1.1.0",
      "inBundle": true,
      "license": "MIT",
      "dependencies": {
        "dequal": "^2.0.0"
      },
      "funding": {
        "type": "github",
        "url": "https://github.com/sponsors/wooorm"
      }
    },
    "node_modules/@openclaw/discord/node_modules/discord-api-types": {
      "version": "0.38.54",
      "inBundle": true,
      "license": "MIT",
      "workspaces": [
        "scripts/actions/documentation"
      ]
    },
    "node_modules/@openclaw/discord/node_modules/eventemitter3": {
      "version": "5.0.4",
      "inBundle": true,
      "license": "MIT"
    },
    "node_modules/@openclaw/discord/node_modules/libopus-wasm": {
      "version": "0.2.0",
      "inBundle": true,
      "license": "MIT",
      "engines": {
        "node": ">=20"
      }
    },
    "node_modules/@openclaw/discord/node_modules/lodash.transform": {
      "version": "4.6.0",
      "inBundle": true,
      "license": "MIT"
    },
    "node_modules/@openclaw/discord/node_modules/mdast-util-from-markdown": {
      "version": "2.0.3",
      "inBundle": true,
      "license": "MIT",
      "dependencies": {
        "@types/mdast": "^4.0.0",
        "@types/unist": "^3.0.0",
        "decode-named-character-reference": "^1.0.0",
        "devlop": "^1.0.0",
        "mdast-util-to-string": "^4.0.0",
        "micromark": "^4.0.0",
        "micromark-util-decode-numeric-character-reference": "^2.0.0",
        "micromark-util-decode-string": "^2.0.0",
        "micromark-util-normalize-identifier": "^2.0.0",
        "micromark-util-symbol": "^2.0.0",
        "micromark-util-types": "^2.0.0",
        "unist-util-stringify-position": "^4.0.0"
      },
      "funding": {
        "type": "opencollective",
        "url": "https://opencollective.com/unified"
      }
    },
    "node_modules/@openclaw/discord/node_modules/mdast-util-to-string": {
      "version": "4.0.0",
      "inBundle": true,
      "license": "MIT",
      "dependencies": {
        "@types/mdast": "^4.0.0"
      },
      "funding": {
        "type": "opencollective",
        "url": "https://opencollective.com/unified"
      }
    },
    "node_modules/@openclaw/discord/node_modules/micromark": {
      "version": "4.0.2",
      "funding": [
        {
          "type": "GitHub Sponsors",
          "url": "https://github.com/sponsors/unifiedjs"
        },
        {
          "type": "OpenCollective",
          "url": "https://opencollective.com/unified"
        }
      ],
      "inBundle": true,
      "license": "MIT",
      "dependencies": {
        "@types/debug": "^4.0.0",
        "debug": "^4.0.0",
        "decode-named-character-reference": "^1.0.0",
        "devlop": "^1.0.0",
        "micromark-core-commonmark": "^2.0.0",
        "micromark-factory-space": "^2.0.0",
        "micromark-util-character": "^2.0.0",
        "micromark-util-chunked": "^2.0.0",
        "micromark-util-combine-extensions": "^2.0.0",
        "micromark-util-decode-numeric-character-reference": "^2.0.0",
        "micromark-util-encode": "^2.0.0",
        "micromark-util-normalize-identifier": "^2.0.0",
        "micromark-util-resolve-all": "^2.0.0",
        "micromark-util-sanitize-uri": "^2.0.0",
        "micromark-util-subtokenize": "^2.0.0",
        "micromark-util-symbol": "^2.0.0",
        "micromark-util-types": "^2.0.0"
      }
    },
    "node_modules/@openclaw/discord/node_modules/micromark-core-commonmark": {
      "version": "2.0.3",
      "funding": [
        {
          "type": "GitHub Sponsors",
          "url": "https://github.com/sponsors/unifiedjs"
        },
        {
          "type": "OpenCollective",
          "url": "https://opencollective.com/unified"
        }
      ],
      "inBundle": true,
      "license": "MIT",
      "dependencies": {
        "decode-named-character-reference": "^1.0.0",
        "devlop": "^1.0.0",
        "micromark-factory-destination": "^2.0.0",
        "micromark-factory-label": "^2.0.0",
        "micromark-factory-space": "^2.0.0",
        "micromark-factory-title": "^2.0.0",
        "micromark-factory-whitespace": "^2.0.0",
        "micromark-util-character": "^2.0.0",
        "micromark-util-chunked": "^2.0.0",
        "micromark-util-classify-character": "^2.0.0",
        "micromark-util-html-tag-name": "^2.0.0",
        "micromark-util-normalize-identifier": "^2.0.0",
        "micromark-util-resolve-all": "^2.0.0",
        "micromark-util-subtokenize": "^2.0.0",
        "micromark-util-symbol": "^2.0.0",
        "micromark-util-types": "^2.0.0"
      }
    },
    "node_modules/@openclaw/discord/node_modules/micromark-factory-destination": {
      "version": "2.0.1",
      "funding": [
        {
          "type": "GitHub Sponsors",
          "url": "https://github.com/sponsors/unifiedjs"
        },
        {
          "type": "OpenCollective",
          "url": "https://opencollective.com/unified"
        }
      ],
      "inBundle": true,
      "license": "MIT",
      "dependencies": {
        "micromark-util-character": "^2.0.0",
        "micromark-util-symbol": "^2.0.0",
        "micromark-util-types": "^2.0.0"
      }
    },
    "node_modules/@openclaw/discord/node_modules/micromark-factory-label": {
      "version": "2.0.1",
      "funding": [
        {
          "type": "GitHub Sponsors",
          "url": "https://github.com/sponsors/unifiedjs"
        },
        {
          "type": "OpenCollective",
          "url": "https://opencollective.com/unified"
        }
      ],
      "inBundle": true,
      "license": "MIT",
      "dependencies": {
        "devlop": "^1.0.0",
        "micromark-util-character": "^2.0.0",
        "micromark-util-symbol": "^2.0.0",
        "micromark-util-types": "^2.0.0"
      }
    },
    "node_modules/@openclaw/discord/node_modules/micromark-factory-space": {
      "version": "2.0.1",
      "funding": [
        {
          "type": "GitHub Sponsors",
          "url": "https://github.com/sponsors/unifiedjs"
        },
        {
          "type": "OpenCollective",
          "url": "https://opencollective.com/unified"
        }
      ],
      "inBundle": true,
      "license": "MIT",
      "dependencies": {
        "micromark-util-character": "^2.0.0",
        "micromark-util-types": "^2.0.0"
      }
    },
    "node_modules/@openclaw/discord/node_modules/micromark-factory-title": {
      "version": "2.0.1",
      "funding": [
        {
          "type": "GitHub Sponsors",
          "url": "https://github.com/sponsors/unifiedjs"
        },
        {
          "type": "OpenCollective",
          "url": "https://opencollective.com/unified"
        }
      ],
      "inBundle": true,
      "license": "MIT",
      "dependencies": {
        "micromark-factory-space": "^2.0.0",
        "micromark-util-character": "^2.0.0",
        "micromark-util-symbol": "^2.0.0",
        "micromark-util-types": "^2.0.0"
      }
    },
    "node_modules/@openclaw/discord/node_modules/micromark-factory-whitespace": {
      "version": "2.0.1",
      "funding": [
        {
          "type": "GitHub Sponsors",
          "url": "https://github.com/sponsors/unifiedjs"
        },
        {
          "type": "OpenCollective",
          "url": "https://opencollective.com/unified"
        }
      ],
      "inBundle": true,
      "license": "MIT",
      "dependencies": {
        "micromark-factory-space": "^2.0.0",
        "micromark-util-character": "^2.0.0",
        "micromark-util-symbol": "^2.0.0",
        "micromark-util-types": "^2.0.0"
      }
    },
    "node_modules/@openclaw/discord/node_modules/micromark-util-character": {
      "version": "2.1.1",
      "funding": [
        {
          "type": "GitHub Sponsors",
          "url": "https://github.com/sponsors/unifiedjs"
        },
        {
          "type": "OpenCollective",
          "url": "https://opencollective.com/unified"
        }
      ],
      "inBundle": true,
      "license": "MIT",
      "dependencies": {
        "micromark-util-symbol": "^2.0.0",
        "micromark-util-types": "^2.0.0"
      }
    },
    "node_modules/@openclaw/discord/node_modules/micromark-util-chunked": {
      "version": "2.0.1",
      "funding": [
        {
          "type": "GitHub Sponsors",
          "url": "https://github.com/sponsors/unifiedjs"
        },
        {
          "type": "OpenCollective",
          "url": "https://opencollective.com/unified"
        }
      ],
      "inBundle": true,
      "license": "MIT",
      "dependencies": {
        "micromark-util-symbol": "^2.0.0"
      }
    },
    "node_modules/@openclaw/discord/node_modules/micromark-util-classify-character": {
      "version": "2.0.1",
      "funding": [
        {
          "type": "GitHub Sponsors",
          "url": "https://github.com/sponsors/unifiedjs"
        },
        {
          "type": "OpenCollective",
          "url": "https://opencollective.com/unified"
        }
      ],
      "inBundle": true,
      "license": "MIT",
      "dependencies": {
        "micromark-util-character": "^2.0.0",
        "micromark-util-symbol": "^2.0.0",
        "micromark-util-types": "^2.0.0"
      }
    },
    "node_modules/@openclaw/discord/node_modules/micromark-util-combine-extensions": {
      "version": "2.0.1",
      "funding": [
        {
          "type": "GitHub Sponsors",
          "url": "https://github.com/sponsors/unifiedjs"
        },
        {
          "type": "OpenCollective",
          "url": "https://opencollective.com/unified"
        }
      ],
      "inBundle": true,
      "license": "MIT",
      "dependencies": {
        "micromark-util-chunked": "^2.0.0",
        "micromark-util-types": "^2.0.0"
      }
    },
    "node_modules/@openclaw/discord/node_modules/micromark-util-decode-numeric-character-reference": {
      "version": "2.0.2",
      "funding": [
        {
          "type": "GitHub Sponsors",
          "url": "https://github.com/sponsors/unifiedjs"
        },
        {
          "type": "OpenCollective",
          "url": "https://opencollective.com/unified"
        }
      ],
      "inBundle": true,
      "license": "MIT",
      "dependencies": {
        "micromark-util-symbol": "^2.0.0"
      }
    },
    "node_modules/@openclaw/discord/node_modules/micromark-util-decode-string": {
      "version": "2.0.1",
      "funding": [
        {
          "type": "GitHub Sponsors",
          "url": "https://github.com/sponsors/unifiedjs"
        },
        {
          "type": "OpenCollective",
          "url": "https://opencollective.com/unified"
        }
      ],
      "inBundle": true,
      "license": "MIT",
      "dependencies": {
        "decode-named-character-reference": "^1.0.0",
        "micromark-util-character": "^2.0.0",
        "micromark-util-decode-numeric-character-reference": "^2.0.0",
        "micromark-util-symbol": "^2.0.0"
      }
    },
    "node_modules/@openclaw/discord/node_modules/micromark-util-encode": {
      "version": "2.0.1",
      "funding": [
        {
          "type": "GitHub Sponsors",
          "url": "https://github.com/sponsors/unifiedjs"
        },
        {
          "type": "OpenCollective",
          "url": "https://opencollective.com/unified"
        }
      ],
      "inBundle": true,
      "license": "MIT"
    },
    "node_modules/@openclaw/discord/node_modules/micromark-util-html-tag-name": {
      "version": "2.0.1",
      "funding": [
        {
          "type": "GitHub Sponsors",
          "url": "https://github.com/sponsors/unifiedjs"
        },
        {
          "type": "OpenCollective",
          "url": "https://opencollective.com/unified"
        }
      ],
      "inBundle": true,
      "license": "MIT"
    },
    "node_modules/@openclaw/discord/node_modules/micromark-util-normalize-identifier": {
      "version": "2.0.1",
      "funding": [
        {
          "type": "GitHub Sponsors",
          "url": "https://github.com/sponsors/unifiedjs"
        },
        {
          "type": "OpenCollective",
          "url": "https://opencollective.com/unified"
        }
      ],
      "inBundle": true,
      "license": "MIT",
      "dependencies": {
        "micromark-util-symbol": "^2.0.0"
      }
    },
    "node_modules/@openclaw/discord/node_modules/micromark-util-resolve-all": {
      "version": "2.0.1",
      "funding": [
        {
          "type": "GitHub Sponsors",
          "url": "https://github.com/sponsors/unifiedjs"
        },
        {
          "type": "OpenCollective",
          "url": "https://opencollective.com/unified"
        }
      ],
      "inBundle": true,
      "license": "MIT",
      "dependencies": {
        "micromark-util-types": "^2.0.0"
      }
    },
    "node_modules/@openclaw/discord/node_modules/micromark-util-sanitize-uri": {
      "version": "2.0.1",
      "funding": [
        {
          "type": "GitHub Sponsors",
          "url": "https://github.com/sponsors/unifiedjs"
        },
        {
          "type": "OpenCollective",
          "url": "https://opencollective.com/unified"
        }
      ],
      "inBundle": true,
      "license": "MIT",
      "dependencies": {
        "micromark-util-character": "^2.0.0",
        "micromark-util-encode": "^2.0.0",
        "micromark-util-symbol": "^2.0.0"
      }
    },
    "node_modules/@openclaw/discord/node_modules/micromark-util-subtokenize": {
      "version": "2.1.0",
      "funding": [
        {
          "type": "GitHub Sponsors",
          "url": "https://github.com/sponsors/unifiedjs"
        },
        {
          "type": "OpenCollective",
          "url": "https://opencollective.com/unified"
        }
      ],
      "inBundle": true,
      "license": "MIT",
      "dependencies": {
        "devlop": "^1.0.0",
        "micromark-util-chunked": "^2.0.0",
        "micromark-util-symbol": "^2.0.0",
        "micromark-util-types": "^2.0.0"
      }
    },
    "node_modules/@openclaw/discord/node_modules/micromark-util-symbol": {
      "version": "2.0.1",
      "funding": [
        {
          "type": "GitHub Sponsors",
          "url": "https://github.com/sponsors/unifiedjs"
        },
        {
          "type": "OpenCollective",
          "url": "https://opencollective.com/unified"
        }
      ],
      "inBundle": true,
      "license": "MIT"
    },
    "node_modules/@openclaw/discord/node_modules/micromark-util-types": {
      "version": "2.0.2",
      "funding": [
        {
          "type": "GitHub Sponsors",
          "url": "https://github.com/sponsors/unifiedjs"
        },
        {
          "type": "OpenCollective",
          "url": "https://opencollective.com/unified"
        }
      ],
      "inBundle": true,
      "license": "MIT"
    },
    "node_modules/@openclaw/discord/node_modules/ms": {
      "version": "2.1.3",
      "inBundle": true,
      "license": "MIT"
    },
    "node_modules/@openclaw/discord/node_modules/prism-media": {
      "version": "1.3.5",
      "inBundle": true,
      "license": "Apache-2.0",
      "peerDependencies": {
        "@discordjs/opus": ">=0.8.0 <1.0.0",
        "ffmpeg-static": "^5.0.2 || ^4.2.7 || ^3.0.0 || ^2.4.0",
        "node-opus": "^0.3.3",
        "opusscript": "^0.0.8"
      },
      "peerDependenciesMeta": {
        "@discordjs/opus": {
          "optional": true
        },
        "ffmpeg-static": {
          "optional": true
        },
        "node-opus": {
          "optional": true
        },
        "opusscript": {
          "optional": true
        }
      }
    },
    "node_modules/@openclaw/discord/node_modules/tslib": {
      "version": "2.8.1",
      "inBundle": true,
      "license": "0BSD"
    },
    "node_modules/@openclaw/discord/node_modules/typebox": {
      "version": "1.3.18",
      "inBundle": true,
      "license": "MIT"
    },
    "node_modules/@openclaw/discord/node_modules/undici": {
      "version": "8.10.2",
      "inBundle": true,
      "license": "MIT",
      "engines": {
        "node": ">=22.19.0"
      }
    },
    "node_modules/@openclaw/discord/node_modules/undici-types": {
      "version": "8.3.0",
      "inBundle": true,
      "license": "MIT"
    },
    "node_modules/@openclaw/discord/node_modules/unist-util-stringify-position": {
      "version": "4.0.0",
      "inBundle": true,
      "license": "MIT",
      "dependencies": {
        "@types/unist": "^3.0.0"
      },
      "funding": {
        "type": "opencollective",
        "url": "https://opencollective.com/unified"
      }
    },
    "node_modules/@openclaw/discord/node_modules/uuid": {
      "version": "14.0.2",
      "funding": [
        "https://github.com/sponsors/broofa",
        "https://github.com/sponsors/ctavan"
      ],
      "inBundle": true,
      "license": "MIT",
      "bin": {
        "uuid": "dist-node/bin/uuid"
      }
    },
    "node_modules/@openclaw/discord/node_modules/ws": {
      "version": "8.21.3",
      "inBundle": true,
      "license": "MIT",
      "engines": {
        "node": ">=10.0.0"
      },
      "peerDependencies": {
        "bufferutil": "^4.0.1",
        "utf-8-validate": ">=5.0.2"
      },
      "peerDependenciesMeta": {
        "bufferutil": {
          "optional": true
        },
        "utf-8-validate": {
          "optional": true
        }
      }
    },
    "node_modules/@openclaw/discord/node_modules/zod": {
      "version": "4.4.3",
      "inBundle": true,
      "license": "MIT",
      "funding": {
        "url": "https://github.com/sponsors/colinhacks"
      }
    },
    "node_modules/tslib": {
      "version": "2.8.1",
      "resolved": "https://registry.npmjs.org/tslib/-/tslib-2.8.1.tgz",
      "integrity": "sha512-oJFu94HQb+KVduSUQL7wnpmqnfmLsOA/nAh6b6EH0wCEoK0/mPeXU6c3wKDV83MkOuHPRHtSXKKU99IBazS/2w==",
      "license": "0BSD"
    }
  }
}
