{
  "name": ".openclaw-install-stage-p6w9rK",
  "lockfileVersion": 3,
  "requires": true,
  "packages": {
    "": {
      "dependencies": {
        "@openclaw/opencode-provider": "2026.9.3"
      }
    },
    "node_modules/@openclaw/opencode-provider": {
      "version": "2026.9.3",
      "resolved": "https://registry.npmjs.org/@openclaw/opencode-provider/-/opencode-provider-2026.9.3.tgz",
      "integrity": "sha512-rg7uhWpUjEYIbyrr/QUeO7YXkosY4YgEOwGd1tgt5Z3sKxlcPAk0sA9tE1fsE6Tw0KSLswBY7HbuJ2H1nsNONg==",
      "peerDependencies": {
        "openclaw": ">=2026.9.3"
      },
      "peerDependenciesMeta": {
        "openclaw": {
          "optional": true
        }
      }
    }
  }
}
